<?xml version="1.0" encoding="utf-8"?>
<Project ToolsVersion="4.0" xmlns="http://schemas.microsoft.com/developer/msbuild/2003">
  <ItemGroup>
    <Filter Include="Source Files">
      <UniqueIdentifier>{4FC737F1-C7A5-4376-A066-2A32D752A2FF}</UniqueIdentifier>
      <Extensions>cpp;c;cc;cxx;def;odl;idl;hpj;bat;asm;asmx</Extensions>
    </Filter>
    <Filter Include="Header Files">
      <UniqueIdentifier>{93995380-89BD-4b04-88EB-625FBE52EBFB}</UniqueIdentifier>
      <Extensions>h;hpp;hxx;hm;inl;inc;xsd</Extensions>
    </Filter>
    <Filter Include="Resource Files">
      <UniqueIdentifier>{67DA6AB6-F800-4c08-8B7A-83BB121AAD01}</UniqueIdentifier>
      <Extensions>rc;ico;cur;bmp;dlg;rc2;rct;bin;rgs;gif;jpg;jpeg;jpe;resx;tiff;tif;png;wav;mfcribbon-ms</Extensions>
    </Filter>
  </ItemGroup>
  <ItemGroup>
    <ClInclude Include="..\defs.h">
      <Filter>Header Files</Filter>
    </ClInclude>
    <ClInclude Include="..\exiftags.h">
      <Filter>Header Files</Filter>
    </ClInclude>
    <ClInclude Include="..\extern.h">
      <Filter>Header Files</Filter>
    </ClInclude>
    <ClInclude Include="..\global.h">
      <Filter>Header Files</Filter>
    </ClInclude>
    <ClInclude Include="..\jpegtags.h">
      <Filter>Header Files</Filter>
    </ClInclude>
    <ClInclude Include="..\misc.h">
      <Filter>Header Files</Filter>
    </ClInclude>
    <ClInclude Include="..\tiffeptags.h">
      <Filter>Header Files</Filter>
    </ClInclude>
    <ClInclude Include="..\tifftags.h">
      <Filter>Header Files</Filter>
    </ClInclude>
  </ItemGroup>
  <ItemGroup>
    <ClCompile Include="..\maker_agfa.c">
      <Filter>Source Files</Filter>
    </ClCompile>
    <ClCompile Include="..\maker_asahi.c">
      <Filter>Source Files</Filter>
    </ClCompile>
    <ClCompile Include="..\maker_canon.c">
      <Filter>Source Files</Filter>
    </ClCompile>
    <ClCompile Include="..\maker_casio.c">
      <Filter>Source Files</Filter>
    </ClCompile>
    <ClCompile Include="..\maker_epson.c">
      <Filter>Source Files</Filter>
    </ClCompile>
    <ClCompile Include="..\maker_fujifilm.c">
      <Filter>Source Files</Filter>
    </ClCompile>
    <ClCompile Include="..\maker_hp.c">
      <Filter>Source Files</Filter>
    </ClCompile>
    <ClCompile Include="..\maker_kodak.c">
      <Filter>Source Files</Filter>
    </ClCompile>
    <ClCompile Include="..\maker_konica.c">
      <Filter>Source Files</Filter>
    </ClCompile>
    <ClCompile Include="..\maker_kyocera.c">
      <Filter>Source Files</Filter>
    </ClCompile>
    <ClCompile Include="..\maker_leica.c">
      <Filter>Source Files</Filter>
    </ClCompile>
    <ClCompile Include="..\maker_minolta.c">
      <Filter>Source Files</Filter>
    </ClCompile>
    <ClCompile Include="..\maker_nikon.c">
      <Filter>Source Files</Filter>
    </ClCompile>
    <ClCompile Include="..\maker_olympus.c">
      <Filter>Source Files</Filter>
    </ClCompile>
    <ClCompile Include="..\maker_panasonic.c">
      <Filter>Source Files</Filter>
    </ClCompile>
    <ClCompile Include="..\maker_ricoh.c">
      <Filter>Source Files</Filter>
    </ClCompile>
    <ClCompile Include="..\maker_sanyo.c">
      <Filter>Source Files</Filter>
    </ClCompile>
    <ClCompile Include="..\maker_sigma.c">
      <Filter>Source Files</Filter>
    </ClCompile>
    <ClCompile Include="..\maker_sony.c">
      <Filter>Source Files</Filter>
    </ClCompile>
    <ClCompile Include="..\maker_toshiba.c">
      <Filter>Source Files</Filter>
    </ClCompile>
    <ClCompile Include="..\maker_traveler.c">
      <Filter>Source Files</Filter>
    </ClCompile>
    <ClCompile Include="..\ciff.c">
      <Filter>Source Files</Filter>
    </ClCompile>
    <ClCompile Include="..\interpret.c">
      <Filter>Source Files</Filter>
    </ClCompile>
    <ClCompile Include="..\jp2000.c">
      <Filter>Source Files</Filter>
    </ClCompile>
    <ClCompile Include="..\main.c">
      <Filter>Source Files</Filter>
    </ClCompile>
    <ClCompile Include="..\maker_generic.c">
      <Filter>Source Files</Filter>
    </ClCompile>
    <ClCompile Include="..\maker_tagnames.c">
      <Filter>Source Files</Filter>
    </ClCompile>
    <ClCompile Include="..\misc.c">
      <Filter>Source Files</Filter>
    </ClCompile>
    <ClCompile Include="..\mrw.c">
      <Filter>Source Files</Filter>
    </ClCompile>
    <ClCompile Include="..\options.c">
      <Filter>Source Files</Filter>
    </ClCompile>
    <ClCompile Include="..\print.c">
      <Filter>Source Files</Filter>
    </ClCompile>
    <ClCompile Include="..\print_maker.c">
      <Filter>Source Files</Filter>
    </ClCompile>
    <ClCompile Include="..\process.c">
      <Filter>Source Files</Filter>
    </ClCompile>
    <ClCompile Include="..\readfile.c">
      <Filter>Source Files</Filter>
    </ClCompile>
    <ClCompile Include="..\tagnames.c">
      <Filter>Source Files</Filter>
    </ClCompile>
    <ClCompile Include="..\lib\veclib.c">
      <Filter>Source Files</Filter>
    </ClCompile>
    <ClCompile Include="..\raf.c">
      <Filter>Source Files</Filter>
    </ClCompile>
    <ClCompile Include="..\x3f.c">
      <Filter>Source Files</Filter>
    </ClCompile>
    <ClCompile Include="getopt.c">
      <Filter>Source Files</Filter>
    </ClCompile>
    <ClCompile Include="comptime.c">
      <Filter>Source Files</Filter>
    </ClCompile>
    <ClCompile Include="snprintf.c">
      <Filter>Source Files</Filter>
    </ClCompile>
  </ItemGroup>
</Project>